
Microsoft Visual Studio Solution File, Format Version 12.00
# Visual Studio Version 17
VisualStudioVersion = 17.14.36221.1 d17.14
MinimumVisualStudioVersion = 10.0.40219.1
Project("{FAE04EC0-301F-11D3-BF4B-00C04F79EFBC}") = "Gallery", "Gallery.csproj", "{0089DE32-C2C1-4520-B642-7226B469AA0B}"
EndProject
Global
	GlobalSection(SolutionConfigurationPlatforms) = preSolution
		Debug|Any CPU = Debug|Any CPU
		Release|Any CPU = Release|Any CPU
	EndGlobalSection
	GlobalSection(ProjectConfigurationPlatforms) = postSolution
		{0089DE32-C2C1-4520-B642-7226B469AA0B}.Debug|Any CPU.ActiveCfg = Debug|Any CPU
		{0089DE32-C2C1-4520-B642-7226B469AA0B}.Debug|Any CPU.Build.0 = Debug|Any CPU
		{0089DE32-C2C1-4520-B642-7226B469AA0B}.Release|Any CPU.ActiveCfg = Release|Any CPU
		{0089DE32-C2C1-4520-B642-7226B469AA0B}.Release|Any CPU.Build.0 = Release|Any CPU
	EndGlobalSection
	GlobalSection(SolutionProperties) = preSolution
		HideSolutionNode = FALSE
	EndGlobalSection
	GlobalSection(ExtensibilityGlobals) = postSolution
		SolutionGuid = {82AB88A1-2782-467C-9023-106C31E01707}
	EndGlobalSection
EndGlobal
